
Microsoft Visual Studio Solution File, Format Version 12.00
# Visual Studio Version 16
VisualStudioVersion = 16.0.30907.101
MinimumVisualStudioVersion = 10.0.40219.1
Project("{FAE04EC0-301F-11D3-BF4B-00C04F79EFBC}") = "Курсач", "Курсач\Курсач.csproj", "{C48347D1-3BB9-4093-8909-8B88452C449E}"
EndProject
Global
	GlobalSection(SolutionConfigurationPlatforms) = preSolution
		Debug|Any CPU = Debug|Any CPU
		Release|Any CPU = Release|Any CPU
	EndGlobalSection
	GlobalSection(ProjectConfigurationPlatforms) = postSolution
		{C48347D1-3BB9-4093-8909-8B88452C449E}.Debug|Any CPU.ActiveCfg = Debug|Any CPU
		{C48347D1-3BB9-4093-8909-8B88452C449E}.Debug|Any CPU.Build.0 = Debug|Any CPU
		{C48347D1-3BB9-4093-8909-8B88452C449E}.Release|Any CPU.ActiveCfg = Release|Any CPU
		{C48347D1-3BB9-4093-8909-8B88452C449E}.Release|Any CPU.Build.0 = Release|Any CPU
	EndGlobalSection
	GlobalSection(SolutionProperties) = preSolution
		HideSolutionNode = FALSE
	EndGlobalSection
	GlobalSection(ExtensibilityGlobals) = postSolution
		SolutionGuid = {DAE99AE1-FC5F-4553-8739-6A5DAE8F9BE7}
	EndGlobalSection
EndGlobal
